
Microsoft Visual Studio Solution File, Format Version 12.00
# Visual Studio 14
VisualStudioVersion = 14.0.25420.1
MinimumVisualStudioVersion = 10.0.40219.1
Project("{FAE04EC0-301F-11D3-BF4B-00C04F79EFBC}") = "Xtricate.DocSet", "src\Xtricate.DocSet\Xtricate.DocSet.csproj", "{22FE1723-6131-49E4-B0F7-847419650B6A}"
EndProject
Project("{FAE04EC0-301F-11D3-BF4B-00C04F79EFBC}") = "Xtricate.DocSet.Sqlite", "src\Xtricate.DocSet.Sqlite\Xtricate.DocSet.Sqlite.csproj", "{1932DB30-FCEC-43D7-ACE5-6C0F8CAFDFD0}"
EndProject
Project("{2150E333-8FDC-42A3-9474-1A3956D46DE8}") = "test", "test", "{FF441F94-956A-46C5-93B4-52650D4C7B4E}"
EndProject
Project("{2150E333-8FDC-42A3-9474-1A3956D46DE8}") = "src", "src", "{D296FD55-6AAD-472B-A725-B0296C3E2DE9}"
EndProject
Project("{FAE04EC0-301F-11D3-BF4B-00C04F79EFBC}") = "Xtricate.Dynamic", "src\Xtricate.Expando\Xtricate.Dynamic.csproj", "{9C96D6F2-784A-400C-9306-180D413800BE}"
EndProject
Project("{FAE04EC0-301F-11D3-BF4B-00C04F79EFBC}") = "Xtricate.Configuration", "src\Xtricate.Configuration\Xtricate.Configuration.csproj", "{0CB26AC0-76E4-4688-8CF9-A1526FEA32B2}"
EndProject
Project("{FAE04EC0-301F-11D3-BF4B-00C04F79EFBC}") = "Xtricate.UnitTests", "test\Xtricate.UnitTests\Xtricate.UnitTests.csproj", "{5AD6D818-43B6-468E-AA93-627B8B665D27}"
EndProject
Project("{FAE04EC0-301F-11D3-BF4B-00C04F79EFBC}") = "Xtricate.IntegrationTests", "test\Xtricate.IntegrationTests\Xtricate.IntegrationTests.csproj", "{5BFA4C6B-24CA-4D7F-9B34-0BF0F5A2DEA5}"
EndProject
Project("{FAE04EC0-301F-11D3-BF4B-00C04F79EFBC}") = "Xtricate.Web.Dashboard", "src\Xtricate.Web.Dashboard\Xtricate.Web.Dashboard.csproj", "{3FC62E9E-BF9B-4F50-9A8F-5AA74E99B599}"
EndProject
Project("{FAE04EC0-301F-11D3-BF4B-00C04F79EFBC}") = "Xtricate.Service.Sample", "test\Xtricate.Service.Sample\Xtricate.Service.Sample.csproj", "{FF326FAC-2925-4B28-AC2A-1B5DDCFB6465}"
EndProject
Project("{FAE04EC0-301F-11D3-BF4B-00C04F79EFBC}") = "Xtricate.Service.Dashboard", "test\Xtricate.Service.Dashboard\Xtricate.Service.Dashboard.csproj", "{3A0BF571-F67C-4F59-ABA7-D917884868E5}"
EndProject
Project("{FAE04EC0-301F-11D3-BF4B-00C04F79EFBC}") = "Xtricate.DocSet.Serilog", "src\Xtricate.DocSet.Serilog\Xtricate.DocSet.Serilog.csproj", "{4B3DC650-38A3-42BC-A650-C2BE3B518144}"
EndProject
Project("{FAE04EC0-301F-11D3-BF4B-00C04F79EFBC}") = "Xtricate.DocSet.Extras", "src\Xtricate.DocSet.Extras\Xtricate.DocSet.Extras.csproj", "{8DFE7740-4263-4895-B2B1-2DA25DE2D9D4}"
EndProject
Project("{FAE04EC0-301F-11D3-BF4B-00C04F79EFBC}") = "Xtricate.Templ", "src\Xtricate.Templ\Xtricate.Templ.csproj", "{833B19E6-AEE1-49D2-B825-659B42756C28}"
EndProject
Project("{FAE04EC0-301F-11D3-BF4B-00C04F79EFBC}") = "Xtricate.Playground", "test\Xtricate.Playground\Xtricate.Playground.csproj", "{6868718B-6203-4E92-9923-615035A82159}"
EndProject
Project("{FAE04EC0-301F-11D3-BF4B-00C04F79EFBC}") = "Xtricate.Common", "src\Xtricate.Common\Xtricate.Common.csproj", "{E57D70EC-6FDF-4BFC-9225-AE9037757FB6}"
EndProject
Global
	GlobalSection(SolutionConfigurationPlatforms) = preSolution
		Debug|Any CPU = Debug|Any CPU
		Release|Any CPU = Release|Any CPU
	EndGlobalSection
	GlobalSection(ProjectConfigurationPlatforms) = postSolution
		{22FE1723-6131-49E4-B0F7-847419650B6A}.Debug|Any CPU.ActiveCfg = Debug|Any CPU
		{22FE1723-6131-49E4-B0F7-847419650B6A}.Debug|Any CPU.Build.0 = Debug|Any CPU
		{22FE1723-6131-49E4-B0F7-847419650B6A}.Release|Any CPU.ActiveCfg = Release|Any CPU
		{22FE1723-6131-49E4-B0F7-847419650B6A}.Release|Any CPU.Build.0 = Release|Any CPU
		{1932DB30-FCEC-43D7-ACE5-6C0F8CAFDFD0}.Debug|Any CPU.ActiveCfg = Debug|Any CPU
		{1932DB30-FCEC-43D7-ACE5-6C0F8CAFDFD0}.Debug|Any CPU.Build.0 = Debug|Any CPU
		{1932DB30-FCEC-43D7-ACE5-6C0F8CAFDFD0}.Release|Any CPU.ActiveCfg = Release|Any CPU
		{1932DB30-FCEC-43D7-ACE5-6C0F8CAFDFD0}.Release|Any CPU.Build.0 = Release|Any CPU
		{9C96D6F2-784A-400C-9306-180D413800BE}.Debug|Any CPU.ActiveCfg = Debug|Any CPU
		{9C96D6F2-784A-400C-9306-180D413800BE}.Debug|Any CPU.Build.0 = Debug|Any CPU
		{9C96D6F2-784A-400C-9306-180D413800BE}.Release|Any CPU.ActiveCfg = Release|Any CPU
		{9C96D6F2-784A-400C-9306-180D413800BE}.Release|Any CPU.Build.0 = Release|Any CPU
		{0CB26AC0-76E4-4688-8CF9-A1526FEA32B2}.Debug|Any CPU.ActiveCfg = Debug|Any CPU
		{0CB26AC0-76E4-4688-8CF9-A1526FEA32B2}.Debug|Any CPU.Build.0 = Debug|Any CPU
		{0CB26AC0-76E4-4688-8CF9-A1526FEA32B2}.Release|Any CPU.ActiveCfg = Release|Any CPU
		{0CB26AC0-76E4-4688-8CF9-A1526FEA32B2}.Release|Any CPU.Build.0 = Release|Any CPU
		{5AD6D818-43B6-468E-AA93-627B8B665D27}.Debug|Any CPU.ActiveCfg = Debug|Any CPU
		{5AD6D818-43B6-468E-AA93-627B8B665D27}.Debug|Any CPU.Build.0 = Debug|Any CPU
		{5AD6D818-43B6-468E-AA93-627B8B665D27}.Release|Any CPU.ActiveCfg = Release|Any CPU
		{5AD6D818-43B6-468E-AA93-627B8B665D27}.Release|Any CPU.Build.0 = Release|Any CPU
		{5BFA4C6B-24CA-4D7F-9B34-0BF0F5A2DEA5}.Debug|Any CPU.ActiveCfg = Debug|Any CPU
		{5BFA4C6B-24CA-4D7F-9B34-0BF0F5A2DEA5}.Debug|Any CPU.Build.0 = Debug|Any CPU
		{5BFA4C6B-24CA-4D7F-9B34-0BF0F5A2DEA5}.Release|Any CPU.ActiveCfg = Release|Any CPU
		{5BFA4C6B-24CA-4D7F-9B34-0BF0F5A2DEA5}.Release|Any CPU.Build.0 = Release|Any CPU
		{3FC62E9E-BF9B-4F50-9A8F-5AA74E99B599}.Debug|Any CPU.ActiveCfg = Debug|Any CPU
		{3FC62E9E-BF9B-4F50-9A8F-5AA74E99B599}.Debug|Any CPU.Build.0 = Debug|Any CPU
		{3FC62E9E-BF9B-4F50-9A8F-5AA74E99B599}.Release|Any CPU.ActiveCfg = Release|Any CPU
		{3FC62E9E-BF9B-4F50-9A8F-5AA74E99B599}.Release|Any CPU.Build.0 = Release|Any CPU
		{FF326FAC-2925-4B28-AC2A-1B5DDCFB6465}.Debug|Any CPU.ActiveCfg = Debug|Any CPU
		{FF326FAC-2925-4B28-AC2A-1B5DDCFB6465}.Debug|Any CPU.Build.0 = Debug|Any CPU
		{FF326FAC-2925-4B28-AC2A-1B5DDCFB6465}.Release|Any CPU.ActiveCfg = Release|Any CPU
		{FF326FAC-2925-4B28-AC2A-1B5DDCFB6465}.Release|Any CPU.Build.0 = Release|Any CPU
		{3A0BF571-F67C-4F59-ABA7-D917884868E5}.Debug|Any CPU.ActiveCfg = Debug|Any CPU
		{3A0BF571-F67C-4F59-ABA7-D917884868E5}.Debug|Any CPU.Build.0 = Debug|Any CPU
		{3A0BF571-F67C-4F59-ABA7-D917884868E5}.Release|Any CPU.ActiveCfg = Release|Any CPU
		{3A0BF571-F67C-4F59-ABA7-D917884868E5}.Release|Any CPU.Build.0 = Release|Any CPU
		{4B3DC650-38A3-42BC-A650-C2BE3B518144}.Debug|Any CPU.ActiveCfg = Debug|Any CPU
		{4B3DC650-38A3-42BC-A650-C2BE3B518144}.Debug|Any CPU.Build.0 = Debug|Any CPU
		{4B3DC650-38A3-42BC-A650-C2BE3B518144}.Release|Any CPU.ActiveCfg = Release|Any CPU
		{4B3DC650-38A3-42BC-A650-C2BE3B518144}.Release|Any CPU.Build.0 = Release|Any CPU
		{8DFE7740-4263-4895-B2B1-2DA25DE2D9D4}.Debug|Any CPU.ActiveCfg = Debug|Any CPU
		{8DFE7740-4263-4895-B2B1-2DA25DE2D9D4}.Debug|Any CPU.Build.0 = Debug|Any CPU
		{8DFE7740-4263-4895-B2B1-2DA25DE2D9D4}.Release|Any CPU.ActiveCfg = Release|Any CPU
		{8DFE7740-4263-4895-B2B1-2DA25DE2D9D4}.Release|Any CPU.Build.0 = Release|Any CPU
		{833B19E6-AEE1-49D2-B825-659B42756C28}.Debug|Any CPU.ActiveCfg = Debug|Any CPU
		{833B19E6-AEE1-49D2-B825-659B42756C28}.Debug|Any CPU.Build.0 = Debug|Any CPU
		{833B19E6-AEE1-49D2-B825-659B42756C28}.Release|Any CPU.ActiveCfg = Release|Any CPU
		{833B19E6-AEE1-49D2-B825-659B42756C28}.Release|Any CPU.Build.0 = Release|Any CPU
		{6868718B-6203-4E92-9923-615035A82159}.Debug|Any CPU.ActiveCfg = Debug|Any CPU
		{6868718B-6203-4E92-9923-615035A82159}.Debug|Any CPU.Build.0 = Debug|Any CPU
		{6868718B-6203-4E92-9923-615035A82159}.Release|Any CPU.ActiveCfg = Release|Any CPU
		{6868718B-6203-4E92-9923-615035A82159}.Release|Any CPU.Build.0 = Release|Any CPU
		{E57D70EC-6FDF-4BFC-9225-AE9037757FB6}.Debug|Any CPU.ActiveCfg = Debug|Any CPU
		{E57D70EC-6FDF-4BFC-9225-AE9037757FB6}.Debug|Any CPU.Build.0 = Debug|Any CPU
		{E57D70EC-6FDF-4BFC-9225-AE9037757FB6}.Release|Any CPU.ActiveCfg = Release|Any CPU
		{E57D70EC-6FDF-4BFC-9225-AE9037757FB6}.Release|Any CPU.Build.0 = Release|Any CPU
	EndGlobalSection
	GlobalSection(SolutionProperties) = preSolution
		HideSolutionNode = FALSE
	EndGlobalSection
	GlobalSection(NestedProjects) = preSolution
		{22FE1723-6131-49E4-B0F7-847419650B6A} = {D296FD55-6AAD-472B-A725-B0296C3E2DE9}
		{1932DB30-FCEC-43D7-ACE5-6C0F8CAFDFD0} = {D296FD55-6AAD-472B-A725-B0296C3E2DE9}
		{9C96D6F2-784A-400C-9306-180D413800BE} = {D296FD55-6AAD-472B-A725-B0296C3E2DE9}
		{0CB26AC0-76E4-4688-8CF9-A1526FEA32B2} = {D296FD55-6AAD-472B-A725-B0296C3E2DE9}
		{5AD6D818-43B6-468E-AA93-627B8B665D27} = {FF441F94-956A-46C5-93B4-52650D4C7B4E}
		{5BFA4C6B-24CA-4D7F-9B34-0BF0F5A2DEA5} = {FF441F94-956A-46C5-93B4-52650D4C7B4E}
		{3FC62E9E-BF9B-4F50-9A8F-5AA74E99B599} = {D296FD55-6AAD-472B-A725-B0296C3E2DE9}
		{FF326FAC-2925-4B28-AC2A-1B5DDCFB6465} = {FF441F94-956A-46C5-93B4-52650D4C7B4E}
		{3A0BF571-F67C-4F59-ABA7-D917884868E5} = {FF441F94-956A-46C5-93B4-52650D4C7B4E}
		{4B3DC650-38A3-42BC-A650-C2BE3B518144} = {D296FD55-6AAD-472B-A725-B0296C3E2DE9}
		{8DFE7740-4263-4895-B2B1-2DA25DE2D9D4} = {D296FD55-6AAD-472B-A725-B0296C3E2DE9}
		{833B19E6-AEE1-49D2-B825-659B42756C28} = {D296FD55-6AAD-472B-A725-B0296C3E2DE9}
		{6868718B-6203-4E92-9923-615035A82159} = {FF441F94-956A-46C5-93B4-52650D4C7B4E}
		{E57D70EC-6FDF-4BFC-9225-AE9037757FB6} = {D296FD55-6AAD-472B-A725-B0296C3E2DE9}
	EndGlobalSection
EndGlobal
