
Microsoft Visual Studio Solution File, Format Version 12.00
# Visual Studio 15
VisualStudioVersion = 15.0.26020.0
MinimumVisualStudioVersion = 10.0.40219.1
Project("{2150E333-8FDC-42A3-9474-1A3956D46DE8}") = "test", "test", "{FF441F94-956A-46C5-93B4-52650D4C7B4E}"
EndProject
Project("{2150E333-8FDC-42A3-9474-1A3956D46DE8}") = "src", "src", "{D296FD55-6AAD-472B-A725-B0296C3E2DE9}"
EndProject
Project("{2150E333-8FDC-42A3-9474-1A3956D46DE8}") = "tools", "tools", "{B9966D7E-25B4-42A7-AA58-EB2BE8A8C231}"
	ProjectSection(SolutionItems) = preProject
		appveyor.yml = appveyor.yml
		Build.ps1 = Build.ps1
		global.json = global.json
	EndProjectSection
EndProject
Project("{2150E333-8FDC-42A3-9474-1A3956D46DE8}") = "build", "build", "{F76D9610-FACA-41F8-B45C-1E9C3A25B2BF}"
	ProjectSection(SolutionItems) = preProject
		appveyor.yml = appveyor.yml
		Build.ps1 = Build.ps1
	EndProjectSection
EndProject
Project("{9A19103F-16F7-4668-BE54-9A1E7A4F7556}") = "Xtricate.Core.Common", "src\Xtricate.Core.Common\Xtricate.Core.Common.xproj", "{AB7B3943-4E68-4139-A530-23FB80942F57}"
EndProject
Project("{9A19103F-16F7-4668-BE54-9A1E7A4F7556}") = "Xtricate.Core.IntegrationTests", "test\Xtricate.Core.IntegrationTests\Xtricate.Core.IntegrationTests.xproj", "{8979E484-CBA3-44DA-9010-5A4C405359BA}"
EndProject
Project("{9A19103F-16F7-4668-BE54-9A1E7A4F7556}") = "Xtricate.Core.UnitTests", "test\Xtricate.Core.UnitTests\Xtricate.Core.UnitTests.xproj", "{1A89675E-DF8D-4A59-9EC4-CFEBB83B60DF}"
EndProject
Project("{9A19103F-16F7-4668-BE54-9A1E7A4F7556}") = "Xtricate.Core.Templ", "src\Xtricate.Core.Templ\Xtricate.Core.Templ.xproj", "{8A6CF73E-BD69-424A-898C-026CC81B117B}"
EndProject
Project("{9A19103F-16F7-4668-BE54-9A1E7A4F7556}") = "Xtricate.Core.Web.Dashboard", "src\Xtricate.Core.Web.Dashboard\Xtricate.Core.Web.Dashboard.xproj", "{034CA5DC-D47C-4FB5-AD21-B16D883031EB}"
EndProject
Global
	GlobalSection(SolutionConfigurationPlatforms) = preSolution
		Debug|Any CPU = Debug|Any CPU
		Release|Any CPU = Release|Any CPU
	EndGlobalSection
	GlobalSection(ProjectConfigurationPlatforms) = postSolution
		{AB7B3943-4E68-4139-A530-23FB80942F57}.Debug|Any CPU.ActiveCfg = Debug|Any CPU
		{AB7B3943-4E68-4139-A530-23FB80942F57}.Debug|Any CPU.Build.0 = Debug|Any CPU
		{AB7B3943-4E68-4139-A530-23FB80942F57}.Release|Any CPU.ActiveCfg = Release|Any CPU
		{AB7B3943-4E68-4139-A530-23FB80942F57}.Release|Any CPU.Build.0 = Release|Any CPU
		{8979E484-CBA3-44DA-9010-5A4C405359BA}.Debug|Any CPU.ActiveCfg = Debug|Any CPU
		{8979E484-CBA3-44DA-9010-5A4C405359BA}.Debug|Any CPU.Build.0 = Debug|Any CPU
		{8979E484-CBA3-44DA-9010-5A4C405359BA}.Release|Any CPU.ActiveCfg = Release|Any CPU
		{8979E484-CBA3-44DA-9010-5A4C405359BA}.Release|Any CPU.Build.0 = Release|Any CPU
		{1A89675E-DF8D-4A59-9EC4-CFEBB83B60DF}.Debug|Any CPU.ActiveCfg = Debug|Any CPU
		{1A89675E-DF8D-4A59-9EC4-CFEBB83B60DF}.Debug|Any CPU.Build.0 = Debug|Any CPU
		{1A89675E-DF8D-4A59-9EC4-CFEBB83B60DF}.Release|Any CPU.ActiveCfg = Release|Any CPU
		{1A89675E-DF8D-4A59-9EC4-CFEBB83B60DF}.Release|Any CPU.Build.0 = Release|Any CPU
		{8A6CF73E-BD69-424A-898C-026CC81B117B}.Debug|Any CPU.ActiveCfg = Debug|Any CPU
		{8A6CF73E-BD69-424A-898C-026CC81B117B}.Debug|Any CPU.Build.0 = Debug|Any CPU
		{8A6CF73E-BD69-424A-898C-026CC81B117B}.Release|Any CPU.ActiveCfg = Release|Any CPU
		{8A6CF73E-BD69-424A-898C-026CC81B117B}.Release|Any CPU.Build.0 = Release|Any CPU
		{034CA5DC-D47C-4FB5-AD21-B16D883031EB}.Debug|Any CPU.ActiveCfg = Debug|Any CPU
		{034CA5DC-D47C-4FB5-AD21-B16D883031EB}.Debug|Any CPU.Build.0 = Debug|Any CPU
		{034CA5DC-D47C-4FB5-AD21-B16D883031EB}.Release|Any CPU.ActiveCfg = Release|Any CPU
		{034CA5DC-D47C-4FB5-AD21-B16D883031EB}.Release|Any CPU.Build.0 = Release|Any CPU
	EndGlobalSection
	GlobalSection(SolutionProperties) = preSolution
		HideSolutionNode = FALSE
	EndGlobalSection
	GlobalSection(NestedProjects) = preSolution
		{AB7B3943-4E68-4139-A530-23FB80942F57} = {D296FD55-6AAD-472B-A725-B0296C3E2DE9}
		{8979E484-CBA3-44DA-9010-5A4C405359BA} = {FF441F94-956A-46C5-93B4-52650D4C7B4E}
		{1A89675E-DF8D-4A59-9EC4-CFEBB83B60DF} = {FF441F94-956A-46C5-93B4-52650D4C7B4E}
		{8A6CF73E-BD69-424A-898C-026CC81B117B} = {D296FD55-6AAD-472B-A725-B0296C3E2DE9}
		{034CA5DC-D47C-4FB5-AD21-B16D883031EB} = {D296FD55-6AAD-472B-A725-B0296C3E2DE9}
	EndGlobalSection
EndGlobal
